
Microsoft Visual Studio Solution File, Format Version 12.00
# Visual Studio 15
VisualStudioVersion = 15.0.26730.3
MinimumVisualStudioVersion = 10.0.40219.1
Project("{FAE04EC0-301F-11D3-BF4B-00C04F79EFBC}") = "HostelDetails", "HostelDetails\HostelDetails\HostelDetails.csproj", "{82B8D011-2877-4D07-BD1E-14CCF1332F37}"
EndProject
Project("{FAE04EC0-301F-11D3-BF4B-00C04F79EFBC}") = "HostelDetails.Droid", "HostelDetails\HostelDetails.Droid\HostelDetails.Droid.csproj", "{E8542CD8-9FBB-44FD-AA86-4FBE872A01D4}"
EndProject
Project("{FAE04EC0-301F-11D3-BF4B-00C04F79EFBC}") = "HostelDetails.iOS", "HostelDetails\HostelDetails.iOS\HostelDetails.iOS.csproj", "{549BFF27-037E-47C4-8424-C9F41E3190E2}"
EndProject
Global
	GlobalSection(SolutionConfigurationPlatforms) = preSolution
		Ad-Hoc|Any CPU = Ad-Hoc|Any CPU
		Ad-Hoc|iPhone = Ad-Hoc|iPhone
		Ad-Hoc|iPhoneSimulator = Ad-Hoc|iPhoneSimulator
		AppStore|Any CPU = AppStore|Any CPU
		AppStore|iPhone = AppStore|iPhone
		AppStore|iPhoneSimulator = AppStore|iPhoneSimulator
		Debug|Any CPU = Debug|Any CPU
		Debug|iPhone = Debug|iPhone
		Debug|iPhoneSimulator = Debug|iPhoneSimulator
		Release|Any CPU = Release|Any CPU
		Release|iPhone = Release|iPhone
		Release|iPhoneSimulator = Release|iPhoneSimulator
	EndGlobalSection
	GlobalSection(ProjectConfigurationPlatforms) = postSolution
		{82B8D011-2877-4D07-BD1E-14CCF1332F37}.Ad-Hoc|Any CPU.ActiveCfg = Release|Any CPU
		{82B8D011-2877-4D07-BD1E-14CCF1332F37}.Ad-Hoc|Any CPU.Build.0 = Release|Any CPU
		{82B8D011-2877-4D07-BD1E-14CCF1332F37}.Ad-Hoc|iPhone.ActiveCfg = Release|Any CPU
		{82B8D011-2877-4D07-BD1E-14CCF1332F37}.Ad-Hoc|iPhone.Build.0 = Release|Any CPU
		{82B8D011-2877-4D07-BD1E-14CCF1332F37}.Ad-Hoc|iPhoneSimulator.ActiveCfg = Release|Any CPU
		{82B8D011-2877-4D07-BD1E-14CCF1332F37}.Ad-Hoc|iPhoneSimulator.Build.0 = Release|Any CPU
		{82B8D011-2877-4D07-BD1E-14CCF1332F37}.AppStore|Any CPU.ActiveCfg = Release|Any CPU
		{82B8D011-2877-4D07-BD1E-14CCF1332F37}.AppStore|Any CPU.Build.0 = Release|Any CPU
		{82B8D011-2877-4D07-BD1E-14CCF1332F37}.AppStore|iPhone.ActiveCfg = Release|Any CPU
		{82B8D011-2877-4D07-BD1E-14CCF1332F37}.AppStore|iPhone.Build.0 = Release|Any CPU
		{82B8D011-2877-4D07-BD1E-14CCF1332F37}.AppStore|iPhoneSimulator.ActiveCfg = Release|Any CPU
		{82B8D011-2877-4D07-BD1E-14CCF1332F37}.AppStore|iPhoneSimulator.Build.0 = Release|Any CPU
		{82B8D011-2877-4D07-BD1E-14CCF1332F37}.Debug|Any CPU.ActiveCfg = Debug|Any CPU
		{82B8D011-2877-4D07-BD1E-14CCF1332F37}.Debug|Any CPU.Build.0 = Debug|Any CPU
		{82B8D011-2877-4D07-BD1E-14CCF1332F37}.Debug|iPhone.ActiveCfg = Debug|Any CPU
		{82B8D011-2877-4D07-BD1E-14CCF1332F37}.Debug|iPhone.Build.0 = Debug|Any CPU
		{82B8D011-2877-4D07-BD1E-14CCF1332F37}.Debug|iPhoneSimulator.ActiveCfg = Debug|Any CPU
		{82B8D011-2877-4D07-BD1E-14CCF1332F37}.Debug|iPhoneSimulator.Build.0 = Debug|Any CPU
		{82B8D011-2877-4D07-BD1E-14CCF1332F37}.Release|Any CPU.ActiveCfg = Release|Any CPU
		{82B8D011-2877-4D07-BD1E-14CCF1332F37}.Release|Any CPU.Build.0 = Release|Any CPU
		{82B8D011-2877-4D07-BD1E-14CCF1332F37}.Release|iPhone.ActiveCfg = Release|Any CPU
		{82B8D011-2877-4D07-BD1E-14CCF1332F37}.Release|iPhone.Build.0 = Release|Any CPU
		{82B8D011-2877-4D07-BD1E-14CCF1332F37}.Release|iPhoneSimulator.ActiveCfg = Release|Any CPU
		{82B8D011-2877-4D07-BD1E-14CCF1332F37}.Release|iPhoneSimulator.Build.0 = Release|Any CPU
		{E8542CD8-9FBB-44FD-AA86-4FBE872A01D4}.Ad-Hoc|Any CPU.ActiveCfg = Release|Any CPU
		{E8542CD8-9FBB-44FD-AA86-4FBE872A01D4}.Ad-Hoc|Any CPU.Build.0 = Release|Any CPU
		{E8542CD8-9FBB-44FD-AA86-4FBE872A01D4}.Ad-Hoc|Any CPU.Deploy.0 = Release|Any CPU
		{E8542CD8-9FBB-44FD-AA86-4FBE872A01D4}.Ad-Hoc|iPhone.ActiveCfg = Release|Any CPU
		{E8542CD8-9FBB-44FD-AA86-4FBE872A01D4}.Ad-Hoc|iPhone.Build.0 = Release|Any CPU
		{E8542CD8-9FBB-44FD-AA86-4FBE872A01D4}.Ad-Hoc|iPhone.Deploy.0 = Release|Any CPU
		{E8542CD8-9FBB-44FD-AA86-4FBE872A01D4}.Ad-Hoc|iPhoneSimulator.ActiveCfg = Release|Any CPU
		{E8542CD8-9FBB-44FD-AA86-4FBE872A01D4}.Ad-Hoc|iPhoneSimulator.Build.0 = Release|Any CPU
		{E8542CD8-9FBB-44FD-AA86-4FBE872A01D4}.Ad-Hoc|iPhoneSimulator.Deploy.0 = Release|Any CPU
		{E8542CD8-9FBB-44FD-AA86-4FBE872A01D4}.AppStore|Any CPU.ActiveCfg = Release|Any CPU
		{E8542CD8-9FBB-44FD-AA86-4FBE872A01D4}.AppStore|Any CPU.Build.0 = Release|Any CPU
		{E8542CD8-9FBB-44FD-AA86-4FBE872A01D4}.AppStore|Any CPU.Deploy.0 = Release|Any CPU
		{E8542CD8-9FBB-44FD-AA86-4FBE872A01D4}.AppStore|iPhone.ActiveCfg = Release|Any CPU
		{E8542CD8-9FBB-44FD-AA86-4FBE872A01D4}.AppStore|iPhone.Build.0 = Release|Any CPU
		{E8542CD8-9FBB-44FD-AA86-4FBE872A01D4}.AppStore|iPhone.Deploy.0 = Release|Any CPU
		{E8542CD8-9FBB-44FD-AA86-4FBE872A01D4}.AppStore|iPhoneSimulator.ActiveCfg = Release|Any CPU
		{E8542CD8-9FBB-44FD-AA86-4FBE872A01D4}.AppStore|iPhoneSimulator.Build.0 = Release|Any CPU
		{E8542CD8-9FBB-44FD-AA86-4FBE872A01D4}.AppStore|iPhoneSimulator.Deploy.0 = Release|Any CPU
		{E8542CD8-9FBB-44FD-AA86-4FBE872A01D4}.Debug|Any CPU.ActiveCfg = Debug|Any CPU
		{E8542CD8-9FBB-44FD-AA86-4FBE872A01D4}.Debug|Any CPU.Build.0 = Debug|Any CPU
		{E8542CD8-9FBB-44FD-AA86-4FBE872A01D4}.Debug|Any CPU.Deploy.0 = Debug|Any CPU
		{E8542CD8-9FBB-44FD-AA86-4FBE872A01D4}.Debug|iPhone.ActiveCfg = Debug|Any CPU
		{E8542CD8-9FBB-44FD-AA86-4FBE872A01D4}.Debug|iPhone.Build.0 = Debug|Any CPU
		{E8542CD8-9FBB-44FD-AA86-4FBE872A01D4}.Debug|iPhone.Deploy.0 = Debug|Any CPU
		{E8542CD8-9FBB-44FD-AA86-4FBE872A01D4}.Debug|iPhoneSimulator.ActiveCfg = Debug|Any CPU
		{E8542CD8-9FBB-44FD-AA86-4FBE872A01D4}.Debug|iPhoneSimulator.Build.0 = Debug|Any CPU
		{E8542CD8-9FBB-44FD-AA86-4FBE872A01D4}.Debug|iPhoneSimulator.Deploy.0 = Debug|Any CPU
		{E8542CD8-9FBB-44FD-AA86-4FBE872A01D4}.Release|Any CPU.ActiveCfg = Release|Any CPU
		{E8542CD8-9FBB-44FD-AA86-4FBE872A01D4}.Release|Any CPU.Build.0 = Release|Any CPU
		{E8542CD8-9FBB-44FD-AA86-4FBE872A01D4}.Release|Any CPU.Deploy.0 = Release|Any CPU
		{E8542CD8-9FBB-44FD-AA86-4FBE872A01D4}.Release|iPhone.ActiveCfg = Release|Any CPU
		{E8542CD8-9FBB-44FD-AA86-4FBE872A01D4}.Release|iPhone.Build.0 = Release|Any CPU
		{E8542CD8-9FBB-44FD-AA86-4FBE872A01D4}.Release|iPhone.Deploy.0 = Release|Any CPU
		{E8542CD8-9FBB-44FD-AA86-4FBE872A01D4}.Release|iPhoneSimulator.ActiveCfg = Release|Any CPU
		{E8542CD8-9FBB-44FD-AA86-4FBE872A01D4}.Release|iPhoneSimulator.Build.0 = Release|Any CPU
		{E8542CD8-9FBB-44FD-AA86-4FBE872A01D4}.Release|iPhoneSimulator.Deploy.0 = Release|Any CPU
		{549BFF27-037E-47C4-8424-C9F41E3190E2}.Ad-Hoc|Any CPU.ActiveCfg = Ad-Hoc|iPhone
		{549BFF27-037E-47C4-8424-C9F41E3190E2}.Ad-Hoc|iPhone.ActiveCfg = Ad-Hoc|iPhone
		{549BFF27-037E-47C4-8424-C9F41E3190E2}.Ad-Hoc|iPhone.Build.0 = Ad-Hoc|iPhone
		{549BFF27-037E-47C4-8424-C9F41E3190E2}.Ad-Hoc|iPhoneSimulator.ActiveCfg = Ad-Hoc|iPhoneSimulator
		{549BFF27-037E-47C4-8424-C9F41E3190E2}.Ad-Hoc|iPhoneSimulator.Build.0 = Ad-Hoc|iPhoneSimulator
		{549BFF27-037E-47C4-8424-C9F41E3190E2}.AppStore|Any CPU.ActiveCfg = AppStore|iPhone
		{549BFF27-037E-47C4-8424-C9F41E3190E2}.AppStore|iPhone.ActiveCfg = AppStore|iPhone
		{549BFF27-037E-47C4-8424-C9F41E3190E2}.AppStore|iPhone.Build.0 = AppStore|iPhone
		{549BFF27-037E-47C4-8424-C9F41E3190E2}.AppStore|iPhoneSimulator.ActiveCfg = AppStore|iPhoneSimulator
		{549BFF27-037E-47C4-8424-C9F41E3190E2}.AppStore|iPhoneSimulator.Build.0 = AppStore|iPhoneSimulator
		{549BFF27-037E-47C4-8424-C9F41E3190E2}.Debug|Any CPU.ActiveCfg = Debug|iPhone
		{549BFF27-037E-47C4-8424-C9F41E3190E2}.Debug|iPhone.ActiveCfg = Debug|iPhone
		{549BFF27-037E-47C4-8424-C9F41E3190E2}.Debug|iPhone.Build.0 = Debug|iPhone
		{549BFF27-037E-47C4-8424-C9F41E3190E2}.Debug|iPhoneSimulator.ActiveCfg = Debug|iPhoneSimulator
		{549BFF27-037E-47C4-8424-C9F41E3190E2}.Debug|iPhoneSimulator.Build.0 = Debug|iPhoneSimulator
		{549BFF27-037E-47C4-8424-C9F41E3190E2}.Release|Any CPU.ActiveCfg = Release|iPhone
		{549BFF27-037E-47C4-8424-C9F41E3190E2}.Release|iPhone.ActiveCfg = Release|iPhone
		{549BFF27-037E-47C4-8424-C9F41E3190E2}.Release|iPhone.Build.0 = Release|iPhone
		{549BFF27-037E-47C4-8424-C9F41E3190E2}.Release|iPhoneSimulator.ActiveCfg = Release|iPhoneSimulator
		{549BFF27-037E-47C4-8424-C9F41E3190E2}.Release|iPhoneSimulator.Build.0 = Release|iPhoneSimulator
	EndGlobalSection
	GlobalSection(SolutionProperties) = preSolution
		HideSolutionNode = FALSE
	EndGlobalSection
	GlobalSection(ExtensibilityGlobals) = postSolution
		SolutionGuid = {53EB9A8A-A78C-4CF7-8964-99FD063D954F}
	EndGlobalSection
EndGlobal
