
Microsoft Visual Studio Solution File, Format Version 12.00
# Visual Studio 15
VisualStudioVersion = 15.0.26730.3
MinimumVisualStudioVersion = 10.0.40219.1
Project("{FAE04EC0-301F-11D3-BF4B-00C04F79EFBC}") = "ChatbotUI", "ChatbotUI\ChatbotUI\ChatbotUI.csproj", "{2056154F-A813-42DB-9C40-452EC86F795E}"
EndProject
Project("{FAE04EC0-301F-11D3-BF4B-00C04F79EFBC}") = "ChatbotUI.Droid", "ChatbotUI\ChatbotUI.Droid\ChatbotUI.Droid.csproj", "{F58F53DD-5678-4294-9CEE-6B2BDC511094}"
EndProject
Project("{FAE04EC0-301F-11D3-BF4B-00C04F79EFBC}") = "ChatbotUI.iOS", "ChatbotUI\ChatbotUI.iOS\ChatbotUI.iOS.csproj", "{54025324-5321-4CFB-B877-88E65E33B1F8}"
EndProject
Global
	GlobalSection(SolutionConfigurationPlatforms) = preSolution
		Ad-Hoc|Any CPU = Ad-Hoc|Any CPU
		Ad-Hoc|iPhone = Ad-Hoc|iPhone
		Ad-Hoc|iPhoneSimulator = Ad-Hoc|iPhoneSimulator
		AppStore|Any CPU = AppStore|Any CPU
		AppStore|iPhone = AppStore|iPhone
		AppStore|iPhoneSimulator = AppStore|iPhoneSimulator
		Debug|Any CPU = Debug|Any CPU
		Debug|iPhone = Debug|iPhone
		Debug|iPhoneSimulator = Debug|iPhoneSimulator
		Release|Any CPU = Release|Any CPU
		Release|iPhone = Release|iPhone
		Release|iPhoneSimulator = Release|iPhoneSimulator
	EndGlobalSection
	GlobalSection(ProjectConfigurationPlatforms) = postSolution
		{2056154F-A813-42DB-9C40-452EC86F795E}.Ad-Hoc|Any CPU.ActiveCfg = Release|Any CPU
		{2056154F-A813-42DB-9C40-452EC86F795E}.Ad-Hoc|Any CPU.Build.0 = Release|Any CPU
		{2056154F-A813-42DB-9C40-452EC86F795E}.Ad-Hoc|iPhone.ActiveCfg = Release|Any CPU
		{2056154F-A813-42DB-9C40-452EC86F795E}.Ad-Hoc|iPhone.Build.0 = Release|Any CPU
		{2056154F-A813-42DB-9C40-452EC86F795E}.Ad-Hoc|iPhoneSimulator.ActiveCfg = Release|Any CPU
		{2056154F-A813-42DB-9C40-452EC86F795E}.Ad-Hoc|iPhoneSimulator.Build.0 = Release|Any CPU
		{2056154F-A813-42DB-9C40-452EC86F795E}.AppStore|Any CPU.ActiveCfg = Release|Any CPU
		{2056154F-A813-42DB-9C40-452EC86F795E}.AppStore|Any CPU.Build.0 = Release|Any CPU
		{2056154F-A813-42DB-9C40-452EC86F795E}.AppStore|iPhone.ActiveCfg = Release|Any CPU
		{2056154F-A813-42DB-9C40-452EC86F795E}.AppStore|iPhone.Build.0 = Release|Any CPU
		{2056154F-A813-42DB-9C40-452EC86F795E}.AppStore|iPhoneSimulator.ActiveCfg = Release|Any CPU
		{2056154F-A813-42DB-9C40-452EC86F795E}.AppStore|iPhoneSimulator.Build.0 = Release|Any CPU
		{2056154F-A813-42DB-9C40-452EC86F795E}.Debug|Any CPU.ActiveCfg = Debug|Any CPU
		{2056154F-A813-42DB-9C40-452EC86F795E}.Debug|Any CPU.Build.0 = Debug|Any CPU
		{2056154F-A813-42DB-9C40-452EC86F795E}.Debug|iPhone.ActiveCfg = Debug|Any CPU
		{2056154F-A813-42DB-9C40-452EC86F795E}.Debug|iPhone.Build.0 = Debug|Any CPU
		{2056154F-A813-42DB-9C40-452EC86F795E}.Debug|iPhoneSimulator.ActiveCfg = Debug|Any CPU
		{2056154F-A813-42DB-9C40-452EC86F795E}.Debug|iPhoneSimulator.Build.0 = Debug|Any CPU
		{2056154F-A813-42DB-9C40-452EC86F795E}.Release|Any CPU.ActiveCfg = Release|Any CPU
		{2056154F-A813-42DB-9C40-452EC86F795E}.Release|Any CPU.Build.0 = Release|Any CPU
		{2056154F-A813-42DB-9C40-452EC86F795E}.Release|iPhone.ActiveCfg = Release|Any CPU
		{2056154F-A813-42DB-9C40-452EC86F795E}.Release|iPhone.Build.0 = Release|Any CPU
		{2056154F-A813-42DB-9C40-452EC86F795E}.Release|iPhoneSimulator.ActiveCfg = Release|Any CPU
		{2056154F-A813-42DB-9C40-452EC86F795E}.Release|iPhoneSimulator.Build.0 = Release|Any CPU
		{F58F53DD-5678-4294-9CEE-6B2BDC511094}.Ad-Hoc|Any CPU.ActiveCfg = Release|Any CPU
		{F58F53DD-5678-4294-9CEE-6B2BDC511094}.Ad-Hoc|Any CPU.Build.0 = Release|Any CPU
		{F58F53DD-5678-4294-9CEE-6B2BDC511094}.Ad-Hoc|Any CPU.Deploy.0 = Release|Any CPU
		{F58F53DD-5678-4294-9CEE-6B2BDC511094}.Ad-Hoc|iPhone.ActiveCfg = Release|Any CPU
		{F58F53DD-5678-4294-9CEE-6B2BDC511094}.Ad-Hoc|iPhone.Build.0 = Release|Any CPU
		{F58F53DD-5678-4294-9CEE-6B2BDC511094}.Ad-Hoc|iPhone.Deploy.0 = Release|Any CPU
		{F58F53DD-5678-4294-9CEE-6B2BDC511094}.Ad-Hoc|iPhoneSimulator.ActiveCfg = Release|Any CPU
		{F58F53DD-5678-4294-9CEE-6B2BDC511094}.Ad-Hoc|iPhoneSimulator.Build.0 = Release|Any CPU
		{F58F53DD-5678-4294-9CEE-6B2BDC511094}.Ad-Hoc|iPhoneSimulator.Deploy.0 = Release|Any CPU
		{F58F53DD-5678-4294-9CEE-6B2BDC511094}.AppStore|Any CPU.ActiveCfg = Release|Any CPU
		{F58F53DD-5678-4294-9CEE-6B2BDC511094}.AppStore|Any CPU.Build.0 = Release|Any CPU
		{F58F53DD-5678-4294-9CEE-6B2BDC511094}.AppStore|Any CPU.Deploy.0 = Release|Any CPU
		{F58F53DD-5678-4294-9CEE-6B2BDC511094}.AppStore|iPhone.ActiveCfg = Release|Any CPU
		{F58F53DD-5678-4294-9CEE-6B2BDC511094}.AppStore|iPhone.Build.0 = Release|Any CPU
		{F58F53DD-5678-4294-9CEE-6B2BDC511094}.AppStore|iPhone.Deploy.0 = Release|Any CPU
		{F58F53DD-5678-4294-9CEE-6B2BDC511094}.AppStore|iPhoneSimulator.ActiveCfg = Release|Any CPU
		{F58F53DD-5678-4294-9CEE-6B2BDC511094}.AppStore|iPhoneSimulator.Build.0 = Release|Any CPU
		{F58F53DD-5678-4294-9CEE-6B2BDC511094}.AppStore|iPhoneSimulator.Deploy.0 = Release|Any CPU
		{F58F53DD-5678-4294-9CEE-6B2BDC511094}.Debug|Any CPU.ActiveCfg = Debug|Any CPU
		{F58F53DD-5678-4294-9CEE-6B2BDC511094}.Debug|Any CPU.Build.0 = Debug|Any CPU
		{F58F53DD-5678-4294-9CEE-6B2BDC511094}.Debug|Any CPU.Deploy.0 = Debug|Any CPU
		{F58F53DD-5678-4294-9CEE-6B2BDC511094}.Debug|iPhone.ActiveCfg = Debug|Any CPU
		{F58F53DD-5678-4294-9CEE-6B2BDC511094}.Debug|iPhone.Build.0 = Debug|Any CPU
		{F58F53DD-5678-4294-9CEE-6B2BDC511094}.Debug|iPhone.Deploy.0 = Debug|Any CPU
		{F58F53DD-5678-4294-9CEE-6B2BDC511094}.Debug|iPhoneSimulator.ActiveCfg = Debug|Any CPU
		{F58F53DD-5678-4294-9CEE-6B2BDC511094}.Debug|iPhoneSimulator.Build.0 = Debug|Any CPU
		{F58F53DD-5678-4294-9CEE-6B2BDC511094}.Debug|iPhoneSimulator.Deploy.0 = Debug|Any CPU
		{F58F53DD-5678-4294-9CEE-6B2BDC511094}.Release|Any CPU.ActiveCfg = Release|Any CPU
		{F58F53DD-5678-4294-9CEE-6B2BDC511094}.Release|Any CPU.Build.0 = Release|Any CPU
		{F58F53DD-5678-4294-9CEE-6B2BDC511094}.Release|Any CPU.Deploy.0 = Release|Any CPU
		{F58F53DD-5678-4294-9CEE-6B2BDC511094}.Release|iPhone.ActiveCfg = Release|Any CPU
		{F58F53DD-5678-4294-9CEE-6B2BDC511094}.Release|iPhone.Build.0 = Release|Any CPU
		{F58F53DD-5678-4294-9CEE-6B2BDC511094}.Release|iPhone.Deploy.0 = Release|Any CPU
		{F58F53DD-5678-4294-9CEE-6B2BDC511094}.Release|iPhoneSimulator.ActiveCfg = Release|Any CPU
		{F58F53DD-5678-4294-9CEE-6B2BDC511094}.Release|iPhoneSimulator.Build.0 = Release|Any CPU
		{F58F53DD-5678-4294-9CEE-6B2BDC511094}.Release|iPhoneSimulator.Deploy.0 = Release|Any CPU
		{54025324-5321-4CFB-B877-88E65E33B1F8}.Ad-Hoc|Any CPU.ActiveCfg = Ad-Hoc|iPhone
		{54025324-5321-4CFB-B877-88E65E33B1F8}.Ad-Hoc|iPhone.ActiveCfg = Ad-Hoc|iPhone
		{54025324-5321-4CFB-B877-88E65E33B1F8}.Ad-Hoc|iPhone.Build.0 = Ad-Hoc|iPhone
		{54025324-5321-4CFB-B877-88E65E33B1F8}.Ad-Hoc|iPhoneSimulator.ActiveCfg = Ad-Hoc|iPhoneSimulator
		{54025324-5321-4CFB-B877-88E65E33B1F8}.Ad-Hoc|iPhoneSimulator.Build.0 = Ad-Hoc|iPhoneSimulator
		{54025324-5321-4CFB-B877-88E65E33B1F8}.AppStore|Any CPU.ActiveCfg = AppStore|iPhone
		{54025324-5321-4CFB-B877-88E65E33B1F8}.AppStore|iPhone.ActiveCfg = AppStore|iPhone
		{54025324-5321-4CFB-B877-88E65E33B1F8}.AppStore|iPhone.Build.0 = AppStore|iPhone
		{54025324-5321-4CFB-B877-88E65E33B1F8}.AppStore|iPhoneSimulator.ActiveCfg = AppStore|iPhoneSimulator
		{54025324-5321-4CFB-B877-88E65E33B1F8}.AppStore|iPhoneSimulator.Build.0 = AppStore|iPhoneSimulator
		{54025324-5321-4CFB-B877-88E65E33B1F8}.Debug|Any CPU.ActiveCfg = Debug|iPhone
		{54025324-5321-4CFB-B877-88E65E33B1F8}.Debug|iPhone.ActiveCfg = Debug|iPhone
		{54025324-5321-4CFB-B877-88E65E33B1F8}.Debug|iPhone.Build.0 = Debug|iPhone
		{54025324-5321-4CFB-B877-88E65E33B1F8}.Debug|iPhoneSimulator.ActiveCfg = Debug|iPhoneSimulator
		{54025324-5321-4CFB-B877-88E65E33B1F8}.Debug|iPhoneSimulator.Build.0 = Debug|iPhoneSimulator
		{54025324-5321-4CFB-B877-88E65E33B1F8}.Release|Any CPU.ActiveCfg = Release|iPhone
		{54025324-5321-4CFB-B877-88E65E33B1F8}.Release|iPhone.ActiveCfg = Release|iPhone
		{54025324-5321-4CFB-B877-88E65E33B1F8}.Release|iPhone.Build.0 = Release|iPhone
		{54025324-5321-4CFB-B877-88E65E33B1F8}.Release|iPhoneSimulator.ActiveCfg = Release|iPhoneSimulator
		{54025324-5321-4CFB-B877-88E65E33B1F8}.Release|iPhoneSimulator.Build.0 = Release|iPhoneSimulator
	EndGlobalSection
	GlobalSection(SolutionProperties) = preSolution
		HideSolutionNode = FALSE
	EndGlobalSection
	GlobalSection(ExtensibilityGlobals) = postSolution
		SolutionGuid = {69616083-F84C-422E-B35E-8DFBF8BAEF04}
	EndGlobalSection
EndGlobal
